
Microsoft Visual Studio Solution File, Format Version 12.00
# Visual Studio Version 17
VisualStudioVersion = 17.0.31912.275
MinimumVisualStudioVersion = 10.0.40219.1
Project("{FAE04EC0-301F-11D3-BF4B-00C04F79EFBC}") = "SubpersonaAI", "SubpersonaAI.csproj", "{69E954BA-4A80-4167-A5B4-13BBE7F1D373}"
EndProject
Global
	GlobalSection(SolutionConfigurationPlatforms) = preSolution
		Debug|Any CPU = Debug|Any CPU
		Release|Any CPU = Release|Any CPU
	EndGlobalSection
	GlobalSection(ProjectConfigurationPlatforms) = postSolution
		{69E954BA-4A80-4167-A5B4-13BBE7F1D373}.Debug|Any CPU.ActiveCfg = Debug|Any CPU
		{69E954BA-4A80-4167-A5B4-13BBE7F1D373}.Debug|Any CPU.Build.0 = Debug|Any CPU
		{69E954BA-4A80-4167-A5B4-13BBE7F1D373}.Release|Any CPU.ActiveCfg = Release|Any CPU
		{69E954BA-4A80-4167-A5B4-13BBE7F1D373}.Release|Any CPU.Build.0 = Release|Any CPU
	EndGlobalSection
	GlobalSection(SolutionProperties) = preSolution
		HideSolutionNode = FALSE
	EndGlobalSection
	GlobalSection(ExtensibilityGlobals) = postSolution
		SolutionGuid = {8A93349E-35B8-4BEA-8CE8-D89CE3C62A3F}
	EndGlobalSection
EndGlobal
